{
  "name": "sheetwrite-release-react",
  "version": "0.0.0",
  "lockfileVersion": 3,
  "requires": true,
  "packages": {
    "": {
      "name": "sheetwrite-release-react",
      "version": "0.0.0",
      "dependencies": {
        "@sheetwrite/core": "file:artifacts/sheetwrite-core-0.1.0.tgz",
        "@sheetwrite/react": "file:artifacts/sheetwrite-react-0.1.0.tgz",
        "@sheetwrite/wasm": "file:artifacts/sheetwrite-wasm-0.1.0.tgz",
        "react": "19.2.7"
      }
    },
    "node_modules/@sheetwrite/core": {
      "version": "0.1.0",
      "resolved": "file:artifacts/sheetwrite-core-0.1.0.tgz",
      "integrity": "sha512-gfCphrteXoXT3aX6lWfUwxHp/rel8CS3eP9theVonqckY3vwSdgCon62Nzfp2pA2xUx+e7r00Z4be7kQnU1UBQ==",
      "license": "MIT",
      "dependencies": {
        "@sheetwrite/wasm": "0.1.0"
      }
    },
    "node_modules/@sheetwrite/react": {
      "version": "0.1.0",
      "resolved": "file:artifacts/sheetwrite-react-0.1.0.tgz",
      "integrity": "sha512-PVGq2HtEziBNbJAQqa71G0+RPQjK1bGnNXYmHFe9ofVuFvj4/fAYfAP1ZL8C37kErg/HChme/WY2gJV9RvpRlw==",
      "license": "MIT",
      "dependencies": {
        "@sheetwrite/core": "0.1.0"
      },
      "peerDependencies": {
        "react": ">=18"
      }
    },
    "node_modules/@sheetwrite/wasm": {
      "version": "0.1.0",
      "resolved": "file:artifacts/sheetwrite-wasm-0.1.0.tgz",
      "integrity": "sha512-b7Iuj4XGvF/9TSl+dDHA0QJrTWCbiZHC67GQqbYaakRE7e1yEa4AlqC3lox5nNS+2pDA0iIb/C1RqBkVdnbPgQ==",
      "license": "MIT"
    },
    "node_modules/react": {
      "version": "19.2.7",
      "resolved": "https://registry.npmjs.org/react/-/react-19.2.7.tgz",
      "integrity": "sha512-HNe9WslTbXmFK8o8cmwgAeJFSBvt1bPdHCVKtaaV+WlAN36mpT4hcRpwbf3fY56ar2oIXzsBpOAiIRHAdY0OlQ==",
      "license": "MIT",
      "engines": {
        "node": ">=0.10.0"
      }
    }
  }
}
