{
  "name": "sheetwrite-release-react",
  "version": "0.0.0",
  "lockfileVersion": 3,
  "requires": true,
  "packages": {
    "": {
      "name": "sheetwrite-release-react",
      "version": "0.0.0",
      "dependencies": {
        "@sheetwrite/core": "file:artifacts/sheetwrite-core-0.4.0.tgz",
        "@sheetwrite/react": "file:artifacts/sheetwrite-react-0.4.0.tgz",
        "@sheetwrite/wasm": "file:artifacts/sheetwrite-wasm-0.4.0.tgz",
        "react": "19.2.7"
      }
    },
    "node_modules/@sheetwrite/core": {
      "version": "0.4.0",
      "resolved": "file:artifacts/sheetwrite-core-0.4.0.tgz",
      "integrity": "sha512-c1S/G+dYzOfcVFBG8hTvuoHiGFuJgY76DiROfJkgyslXKit6qLetQ2Oh/3z6qUz/QK22XzJkaAwAZNl1J1iQ3Q==",
      "license": "MIT",
      "dependencies": {
        "@sheetwrite/wasm": "0.4.0",
        "fflate": "0.8.3"
      }
    },
    "node_modules/@sheetwrite/react": {
      "version": "0.4.0",
      "resolved": "file:artifacts/sheetwrite-react-0.4.0.tgz",
      "integrity": "sha512-o/qBNvcRkZmiQek08yRqDMZH8uhUht3LpC9trT9usrp+SiPp4YQvDGZheIsQPj+vMSSNeOvMluJO6J49wlIv0g==",
      "license": "MIT",
      "dependencies": {
        "@sheetwrite/core": "0.4.0"
      },
      "peerDependencies": {
        "react": ">=18"
      }
    },
    "node_modules/@sheetwrite/wasm": {
      "version": "0.4.0",
      "resolved": "file:artifacts/sheetwrite-wasm-0.4.0.tgz",
      "integrity": "sha512-Ldt/Esjf9z3K4VwO/xiSHDlopcLCMOpn9wW0YlkP6NygGIDP6eNpEoIubaLGhCkIUv6Vu+G1/hPO3GZHnnygRA==",
      "license": "MIT"
    },
    "node_modules/fflate": {
      "version": "0.8.3",
      "resolved": "https://registry.npmjs.org/fflate/-/fflate-0.8.3.tgz",
      "integrity": "sha512-tbZNuJrLwGUp3zshBtdy4W+ORxZuIh8a5ilyIEQDC5rY1f3U20JMry0Ll3WBzU58EZKsEuJFXhb5gwv8CsPvgA==",
      "license": "MIT"
    },
    "node_modules/react": {
      "version": "19.2.7",
      "resolved": "https://registry.npmjs.org/react/-/react-19.2.7.tgz",
      "integrity": "sha512-HNe9WslTbXmFK8o8cmwgAeJFSBvt1bPdHCVKtaaV+WlAN36mpT4hcRpwbf3fY56ar2oIXzsBpOAiIRHAdY0OlQ==",
      "license": "MIT",
      "engines": {
        "node": ">=0.10.0"
      }
    }
  }
}
