{
  "name": "sheetwrite-release-core-xlsx",
  "version": "0.0.0",
  "lockfileVersion": 3,
  "requires": true,
  "packages": {
    "": {
      "name": "sheetwrite-release-core-xlsx",
      "version": "0.0.0",
      "dependencies": {
        "@sheetwrite/core": "file:artifacts/sheetwrite-core-0.3.0.tgz",
        "@sheetwrite/wasm": "file:artifacts/sheetwrite-wasm-0.3.0.tgz",
        "@sheetwrite/xlsx": "file:artifacts/sheetwrite-xlsx-0.3.0.tgz"
      }
    },
    "node_modules/@sheetwrite/core": {
      "version": "0.3.0",
      "resolved": "file:artifacts/sheetwrite-core-0.3.0.tgz",
      "integrity": "sha512-+9xnTWkYCmxAyIvBkYWBwBiBUjrlNmIeDt6q+aRu0YnsFwpm+c88jDcO81mwJ5By72CGZTRh8JF1OqPP/NGNpg==",
      "license": "MIT",
      "dependencies": {
        "@sheetwrite/wasm": "0.3.0"
      }
    },
    "node_modules/@sheetwrite/wasm": {
      "version": "0.3.0",
      "resolved": "file:artifacts/sheetwrite-wasm-0.3.0.tgz",
      "integrity": "sha512-A66USV7ROO7c+WDvveiUf9hMiLoJuge5DuF2jlmdiuY2QVMLhRVKrvVo8wOvyAzRsm5MpbPUxA90v6MnNWl+zw==",
      "license": "MIT"
    },
    "node_modules/@sheetwrite/xlsx": {
      "version": "0.3.0",
      "resolved": "file:artifacts/sheetwrite-xlsx-0.3.0.tgz",
      "integrity": "sha512-rKF4a+10pe1dCbfkPdxzwPKvIdFLUAt4s2QsTtubimIYkuHmECM79YXFZ3qBv+FJWalx/gtTEfaUAYHl9pQyIQ==",
      "license": "MIT",
      "dependencies": {
        "@sheetwrite/core": "0.3.0",
        "fflate": "0.8.3"
      }
    },
    "node_modules/fflate": {
      "version": "0.8.3",
      "resolved": "https://registry.npmjs.org/fflate/-/fflate-0.8.3.tgz",
      "integrity": "sha512-tbZNuJrLwGUp3zshBtdy4W+ORxZuIh8a5ilyIEQDC5rY1f3U20JMry0Ll3WBzU58EZKsEuJFXhb5gwv8CsPvgA==",
      "license": "MIT"
    }
  }
}
