{
  "name": "sheetwrite-release-core-xlsx",
  "version": "0.0.0",
  "lockfileVersion": 3,
  "requires": true,
  "packages": {
    "": {
      "name": "sheetwrite-release-core-xlsx",
      "version": "0.0.0",
      "dependencies": {
        "@sheetwrite/core": "file:artifacts/sheetwrite-core-0.1.0.tgz",
        "@sheetwrite/wasm": "file:artifacts/sheetwrite-wasm-0.1.0.tgz",
        "@sheetwrite/xlsx": "file:artifacts/sheetwrite-xlsx-0.1.0.tgz"
      }
    },
    "node_modules/@sheetwrite/core": {
      "version": "0.1.0",
      "resolved": "file:artifacts/sheetwrite-core-0.1.0.tgz",
      "integrity": "sha512-gfCphrteXoXT3aX6lWfUwxHp/rel8CS3eP9theVonqckY3vwSdgCon62Nzfp2pA2xUx+e7r00Z4be7kQnU1UBQ==",
      "license": "MIT",
      "dependencies": {
        "@sheetwrite/wasm": "0.1.0"
      }
    },
    "node_modules/@sheetwrite/wasm": {
      "version": "0.1.0",
      "resolved": "file:artifacts/sheetwrite-wasm-0.1.0.tgz",
      "integrity": "sha512-b7Iuj4XGvF/9TSl+dDHA0QJrTWCbiZHC67GQqbYaakRE7e1yEa4AlqC3lox5nNS+2pDA0iIb/C1RqBkVdnbPgQ==",
      "license": "MIT"
    },
    "node_modules/@sheetwrite/xlsx": {
      "version": "0.1.0",
      "resolved": "file:artifacts/sheetwrite-xlsx-0.1.0.tgz",
      "integrity": "sha512-xrPQ+wmfXkjbvRbfueFTYHGN7EukeNFAigibXI1SUKQAtgIneG7BeJaE7G0HtLHsiVUlDfefWNbS8WjQhtsbZQ==",
      "license": "MIT",
      "dependencies": {
        "@sheetwrite/core": "0.1.0",
        "fflate": "0.8.3"
      }
    },
    "node_modules/fflate": {
      "version": "0.8.3",
      "resolved": "https://registry.npmjs.org/fflate/-/fflate-0.8.3.tgz",
      "integrity": "sha512-tbZNuJrLwGUp3zshBtdy4W+ORxZuIh8a5ilyIEQDC5rY1f3U20JMry0Ll3WBzU58EZKsEuJFXhb5gwv8CsPvgA==",
      "license": "MIT"
    }
  }
}
